
Microsoft Visual Studio Solution File, Format Version 12.00
# Visual Studio Version 17
VisualStudioVersion = 17.3.32929.385
MinimumVisualStudioVersion = 10.0.40219.1
Project("{00D1A9C2-B5F0-4AF3-8072-F6C62B433612}") = "dacpac_CICD", "dacpac_CICD.sqlproj", "{B408CAB5-2DFF-4B7E-9F79-89FB0905B4A6}"
EndProject
Global
	GlobalSection(SolutionConfigurationPlatforms) = preSolution
		Debug|Any CPU = Debug|Any CPU
		Release|Any CPU = Release|Any CPU
	EndGlobalSection
	GlobalSection(ProjectConfigurationPlatforms) = postSolution
		{B408CAB5-2DFF-4B7E-9F79-89FB0905B4A6}.Debug|Any CPU.ActiveCfg = Debug|Any CPU
		{B408CAB5-2DFF-4B7E-9F79-89FB0905B4A6}.Debug|Any CPU.Build.0 = Debug|Any CPU
		{B408CAB5-2DFF-4B7E-9F79-89FB0905B4A6}.Debug|Any CPU.Deploy.0 = Debug|Any CPU
		{B408CAB5-2DFF-4B7E-9F79-89FB0905B4A6}.Release|Any CPU.ActiveCfg = Release|Any CPU
		{B408CAB5-2DFF-4B7E-9F79-89FB0905B4A6}.Release|Any CPU.Build.0 = Release|Any CPU
		{B408CAB5-2DFF-4B7E-9F79-89FB0905B4A6}.Release|Any CPU.Deploy.0 = Release|Any CPU
	EndGlobalSection
	GlobalSection(SolutionProperties) = preSolution
		HideSolutionNode = FALSE
	EndGlobalSection
	GlobalSection(ExtensibilityGlobals) = postSolution
		SolutionGuid = {79DD28AE-CA77-4BAF-AB4B-7DCDDFECB859}
	EndGlobalSection
EndGlobal
